
Microsoft Visual Studio Solution File, Format Version 12.00
# Visual Studio Version 17
VisualStudioVersion = 17.3.32825.248
MinimumVisualStudioVersion = 10.0.40219.1
Project("{9A19103F-16F7-4668-BE54-9A1E7A4F7556}") = "NetCoreProject", "NetCoreProject\NetCoreProject.csproj", "{BFF6FEB5-B5DA-4AD6-A6C6-61AD0FA2CA0B}"
EndProject
Project("{9A19103F-16F7-4668-BE54-9A1E7A4F7556}") = "EntityLayer", "EntityLayer\EntityLayer.csproj", "{128D89D2-C6AB-4251-9BFC-AD832DB9CBBD}"
EndProject
Project("{9A19103F-16F7-4668-BE54-9A1E7A4F7556}") = "DataAccessLayer", "DataAccessLayer\DataAccessLayer.csproj", "{6A3B54CF-21E7-41EE-82D6-F90A02DAE41A}"
EndProject
Project("{9A19103F-16F7-4668-BE54-9A1E7A4F7556}") = "BusinessLayer", "BusinessLayer\BusinessLayer.csproj", "{51732F27-0809-4CA4-A68E-133F5DA5B525}"
EndProject
Project("{9A19103F-16F7-4668-BE54-9A1E7A4F7556}") = "CoreLayer", "CoreLayer\CoreLayer.csproj", "{2FDA3989-FE5B-4DBE-A0B2-AD77A7326340}"
EndProject
Project("{9A19103F-16F7-4668-BE54-9A1E7A4F7556}") = "BlogApiCore", "BlogApiCore\BlogApiCore.csproj", "{E44A03AC-EA7D-4303-B39A-AA3CCFD270A8}"
EndProject
Project("{FAE04EC0-301F-11D3-BF4B-00C04F79EFBC}") = "JsonWebTokenApi", "JsonWebTokenApi\JsonWebTokenApi.csproj", "{2601814F-4BA4-4971-A3EF-A7B45B8ED2D5}"
EndProject
Global
	GlobalSection(SolutionConfigurationPlatforms) = preSolution
		Debug|Any CPU = Debug|Any CPU
		Release|Any CPU = Release|Any CPU
	EndGlobalSection
	GlobalSection(ProjectConfigurationPlatforms) = postSolution
		{BFF6FEB5-B5DA-4AD6-A6C6-61AD0FA2CA0B}.Debug|Any CPU.ActiveCfg = Debug|Any CPU
		{BFF6FEB5-B5DA-4AD6-A6C6-61AD0FA2CA0B}.Debug|Any CPU.Build.0 = Debug|Any CPU
		{BFF6FEB5-B5DA-4AD6-A6C6-61AD0FA2CA0B}.Release|Any CPU.ActiveCfg = Release|Any CPU
		{BFF6FEB5-B5DA-4AD6-A6C6-61AD0FA2CA0B}.Release|Any CPU.Build.0 = Release|Any CPU
		{128D89D2-C6AB-4251-9BFC-AD832DB9CBBD}.Debug|Any CPU.ActiveCfg = Debug|Any CPU
		{128D89D2-C6AB-4251-9BFC-AD832DB9CBBD}.Debug|Any CPU.Build.0 = Debug|Any CPU
		{128D89D2-C6AB-4251-9BFC-AD832DB9CBBD}.Release|Any CPU.ActiveCfg = Release|Any CPU
		{128D89D2-C6AB-4251-9BFC-AD832DB9CBBD}.Release|Any CPU.Build.0 = Release|Any CPU
		{6A3B54CF-21E7-41EE-82D6-F90A02DAE41A}.Debug|Any CPU.ActiveCfg = Debug|Any CPU
		{6A3B54CF-21E7-41EE-82D6-F90A02DAE41A}.Debug|Any CPU.Build.0 = Debug|Any CPU
		{6A3B54CF-21E7-41EE-82D6-F90A02DAE41A}.Release|Any CPU.ActiveCfg = Release|Any CPU
		{6A3B54CF-21E7-41EE-82D6-F90A02DAE41A}.Release|Any CPU.Build.0 = Release|Any CPU
		{51732F27-0809-4CA4-A68E-133F5DA5B525}.Debug|Any CPU.ActiveCfg = Debug|Any CPU
		{51732F27-0809-4CA4-A68E-133F5DA5B525}.Debug|Any CPU.Build.0 = Debug|Any CPU
		{51732F27-0809-4CA4-A68E-133F5DA5B525}.Release|Any CPU.ActiveCfg = Release|Any CPU
		{51732F27-0809-4CA4-A68E-133F5DA5B525}.Release|Any CPU.Build.0 = Release|Any CPU
		{2FDA3989-FE5B-4DBE-A0B2-AD77A7326340}.Debug|Any CPU.ActiveCfg = Debug|Any CPU
		{2FDA3989-FE5B-4DBE-A0B2-AD77A7326340}.Debug|Any CPU.Build.0 = Debug|Any CPU
		{2FDA3989-FE5B-4DBE-A0B2-AD77A7326340}.Release|Any CPU.ActiveCfg = Release|Any CPU
		{2FDA3989-FE5B-4DBE-A0B2-AD77A7326340}.Release|Any CPU.Build.0 = Release|Any CPU
		{E44A03AC-EA7D-4303-B39A-AA3CCFD270A8}.Debug|Any CPU.ActiveCfg = Debug|Any CPU
		{E44A03AC-EA7D-4303-B39A-AA3CCFD270A8}.Debug|Any CPU.Build.0 = Debug|Any CPU
		{E44A03AC-EA7D-4303-B39A-AA3CCFD270A8}.Release|Any CPU.ActiveCfg = Release|Any CPU
		{E44A03AC-EA7D-4303-B39A-AA3CCFD270A8}.Release|Any CPU.Build.0 = Release|Any CPU
		{2601814F-4BA4-4971-A3EF-A7B45B8ED2D5}.Debug|Any CPU.ActiveCfg = Debug|Any CPU
		{2601814F-4BA4-4971-A3EF-A7B45B8ED2D5}.Debug|Any CPU.Build.0 = Debug|Any CPU
		{2601814F-4BA4-4971-A3EF-A7B45B8ED2D5}.Release|Any CPU.ActiveCfg = Release|Any CPU
		{2601814F-4BA4-4971-A3EF-A7B45B8ED2D5}.Release|Any CPU.Build.0 = Release|Any CPU
	EndGlobalSection
	GlobalSection(SolutionProperties) = preSolution
		HideSolutionNode = FALSE
	EndGlobalSection
	GlobalSection(ExtensibilityGlobals) = postSolution
		SolutionGuid = {DCB0ADF1-1ED6-43A2-96BB-5881E1C70FDD}
	EndGlobalSection
EndGlobal
